
Microsoft Visual Studio Solution File, Format Version 12.00
# Visual Studio Version 17
VisualStudioVersion = 17.9.34622.214
MinimumVisualStudioVersion = 10.0.40219.1
Project("{FAE04EC0-301F-11D3-BF4B-00C04F79EFBC}") = "ApiTestingProject", "ApiTestingProject\ApiTestingProject.csproj", "{092B290C-4AC9-4C3E-824C-8BD75210A308}"
EndProject
Global
	GlobalSection(SolutionConfigurationPlatforms) = preSolution
		Debug|Any CPU = Debug|Any CPU
		Release|Any CPU = Release|Any CPU
	EndGlobalSection
	GlobalSection(ProjectConfigurationPlatforms) = postSolution
		{092B290C-4AC9-4C3E-824C-8BD75210A308}.Debug|Any CPU.ActiveCfg = Debug|Any CPU
		{092B290C-4AC9-4C3E-824C-8BD75210A308}.Debug|Any CPU.Build.0 = Debug|Any CPU
		{092B290C-4AC9-4C3E-824C-8BD75210A308}.Release|Any CPU.ActiveCfg = Release|Any CPU
		{092B290C-4AC9-4C3E-824C-8BD75210A308}.Release|Any CPU.Build.0 = Release|Any CPU
	EndGlobalSection
	GlobalSection(SolutionProperties) = preSolution
		HideSolutionNode = FALSE
	EndGlobalSection
	GlobalSection(ExtensibilityGlobals) = postSolution
		SolutionGuid = {98F827D4-5AB8-44C0-B773-AF616772C11D}
	EndGlobalSection
EndGlobal
